
Microsoft Visual Studio Solution File, Format Version 12.00
# Visual Studio Version 17
VisualStudioVersion = 17.0.31903.59
MinimumVisualStudioVersion = 10.0.40219.1
Project("{2150E333-8FDC-42A3-9474-1A3956D46DE8}") = ".solutions", ".solutions", "{20677B77-A3ED-4E95-BF82-A92BD305C611}"
	ProjectSection(SolutionItems) = preProject
		.editorconfig = .editorconfig
		.gitignore = .gitignore
		README.md = README.md
		Interview.md = Interview.md
	EndProjectSection
EndProject
Project("{2150E333-8FDC-42A3-9474-1A3956D46DE8}") = "Aspire", "Aspire", "{6F5B99C2-6141-4118-8882-E373DDF2B3F4}"
	ProjectSection(SolutionItems) = preProject
		Aspire\readme.md = Aspire\readme.md
	EndProjectSection
EndProject
Project("{2150E333-8FDC-42A3-9474-1A3956D46DE8}") = "Microservices", "Microservices", "{4FF394A7-7EFC-4B99-9EB6-388C5BD95385}"
	ProjectSection(SolutionItems) = preProject
		Microservices\readme.md = Microservices\readme.md
	EndProjectSection
EndProject
Project("{2150E333-8FDC-42A3-9474-1A3956D46DE8}") = "Portal", "Portal", "{96D5367A-FE5B-47F3-A24E-ED4A9DC7813B}"
	ProjectSection(SolutionItems) = preProject
		Portal\readme.md = Portal\readme.md
	EndProjectSection
EndProject
Project("{2150E333-8FDC-42A3-9474-1A3956D46DE8}") = "Architecture", "Architecture", "{D7848B64-4117-4FA0-95B0-BDB6DD66A872}"
	ProjectSection(SolutionItems) = preProject
		Architecture\readme.md = Architecture\readme.md
	EndProjectSection
EndProject
Project("{FAE04EC0-301F-11D3-BF4B-00C04F79EFBC}") = "Wangkanai.Interview.Portal.Client", "Architecture\src\Client\Wangkanai.Interview.Portal.Client.csproj", "{90C587A7-8C04-4C48-BD3F-B52990708D1A}"
EndProject
Project("{FAE04EC0-301F-11D3-BF4B-00C04F79EFBC}") = "Wangkanai.Interview.Portal", "Architecture\src\Server\Wangkanai.Interview.Portal.csproj", "{BA03D436-F39D-48F6-9FC2-960CB45471E6}"
EndProject
Project("{FAE04EC0-301F-11D3-BF4B-00C04F79EFBC}") = "Wangkanai.Interview.Portal.Domain", "Architecture\src\Domain\Wangkanai.Interview.Portal.Domain.csproj", "{E018C8F8-2063-4BC4-981A-26AFF88D2617}"
EndProject
Project("{FAE04EC0-301F-11D3-BF4B-00C04F79EFBC}") = "Wangkanai.Interview.Portal.Application", "Architecture\src\Application\Wangkanai.Interview.Portal.Application.csproj", "{C7ECC100-7B04-4283-8CF5-91A941A3CAB9}"
EndProject
Project("{FAE04EC0-301F-11D3-BF4B-00C04F79EFBC}") = "Wangkanai.Interview.Portal.Infrastructure", "Architecture\src\Infrastructure\Wangkanai.Interview.Portal.Infrastructure.csproj", "{563C969D-DA24-4E03-91BE-F0C8A56DD729}"
EndProject
Global
	GlobalSection(SolutionConfigurationPlatforms) = preSolution
		Debug|Any CPU = Debug|Any CPU
		Release|Any CPU = Release|Any CPU
	EndGlobalSection
	GlobalSection(SolutionProperties) = preSolution
		HideSolutionNode = FALSE
	EndGlobalSection
	GlobalSection(NestedProjects) = preSolution
		{90C587A7-8C04-4C48-BD3F-B52990708D1A} = {D7848B64-4117-4FA0-95B0-BDB6DD66A872}
		{BA03D436-F39D-48F6-9FC2-960CB45471E6} = {D7848B64-4117-4FA0-95B0-BDB6DD66A872}
		{E018C8F8-2063-4BC4-981A-26AFF88D2617} = {D7848B64-4117-4FA0-95B0-BDB6DD66A872}
		{C7ECC100-7B04-4283-8CF5-91A941A3CAB9} = {D7848B64-4117-4FA0-95B0-BDB6DD66A872}
		{563C969D-DA24-4E03-91BE-F0C8A56DD729} = {D7848B64-4117-4FA0-95B0-BDB6DD66A872}
	EndGlobalSection
	GlobalSection(ProjectConfigurationPlatforms) = postSolution
		{90C587A7-8C04-4C48-BD3F-B52990708D1A}.Debug|Any CPU.ActiveCfg = Debug|Any CPU
		{90C587A7-8C04-4C48-BD3F-B52990708D1A}.Debug|Any CPU.Build.0 = Debug|Any CPU
		{90C587A7-8C04-4C48-BD3F-B52990708D1A}.Release|Any CPU.ActiveCfg = Release|Any CPU
		{90C587A7-8C04-4C48-BD3F-B52990708D1A}.Release|Any CPU.Build.0 = Release|Any CPU
		{BA03D436-F39D-48F6-9FC2-960CB45471E6}.Debug|Any CPU.ActiveCfg = Debug|Any CPU
		{BA03D436-F39D-48F6-9FC2-960CB45471E6}.Debug|Any CPU.Build.0 = Debug|Any CPU
		{BA03D436-F39D-48F6-9FC2-960CB45471E6}.Release|Any CPU.ActiveCfg = Release|Any CPU
		{BA03D436-F39D-48F6-9FC2-960CB45471E6}.Release|Any CPU.Build.0 = Release|Any CPU
		{E018C8F8-2063-4BC4-981A-26AFF88D2617}.Debug|Any CPU.ActiveCfg = Debug|Any CPU
		{E018C8F8-2063-4BC4-981A-26AFF88D2617}.Debug|Any CPU.Build.0 = Debug|Any CPU
		{E018C8F8-2063-4BC4-981A-26AFF88D2617}.Release|Any CPU.ActiveCfg = Release|Any CPU
		{E018C8F8-2063-4BC4-981A-26AFF88D2617}.Release|Any CPU.Build.0 = Release|Any CPU
		{C7ECC100-7B04-4283-8CF5-91A941A3CAB9}.Debug|Any CPU.ActiveCfg = Debug|Any CPU
		{C7ECC100-7B04-4283-8CF5-91A941A3CAB9}.Debug|Any CPU.Build.0 = Debug|Any CPU
		{C7ECC100-7B04-4283-8CF5-91A941A3CAB9}.Release|Any CPU.ActiveCfg = Release|Any CPU
		{C7ECC100-7B04-4283-8CF5-91A941A3CAB9}.Release|Any CPU.Build.0 = Release|Any CPU
		{563C969D-DA24-4E03-91BE-F0C8A56DD729}.Debug|Any CPU.ActiveCfg = Debug|Any CPU
		{563C969D-DA24-4E03-91BE-F0C8A56DD729}.Debug|Any CPU.Build.0 = Debug|Any CPU
		{563C969D-DA24-4E03-91BE-F0C8A56DD729}.Release|Any CPU.ActiveCfg = Release|Any CPU
		{563C969D-DA24-4E03-91BE-F0C8A56DD729}.Release|Any CPU.Build.0 = Release|Any CPU
	EndGlobalSection
EndGlobal
